
Microsoft Visual Studio Solution File, Format Version 12.00
Project("{FAE04EC0-301F-11D3-BF4B-00C04F79EFBC}") = "advent-code-2020-tests", "advent-code-2020-tests\advent-code-2020-tests.csproj", "{6CA5EAA3-05B0-4435-9FF6-9955D40DC215}"
EndProject
Project("{FAE04EC0-301F-11D3-BF4B-00C04F79EFBC}") = "advent-code-2020", "advent-code-2020\advent-code-2020.csproj", "{106F2E38-10DE-46B7-A384-C8DC104440B2}"
EndProject
Global
	GlobalSection(SolutionConfigurationPlatforms) = preSolution
		Debug|Any CPU = Debug|Any CPU
		Release|Any CPU = Release|Any CPU
	EndGlobalSection
	GlobalSection(ProjectConfigurationPlatforms) = postSolution
		{6CA5EAA3-05B0-4435-9FF6-9955D40DC215}.Debug|Any CPU.ActiveCfg = Debug|Any CPU
		{6CA5EAA3-05B0-4435-9FF6-9955D40DC215}.Debug|Any CPU.Build.0 = Debug|Any CPU
		{6CA5EAA3-05B0-4435-9FF6-9955D40DC215}.Release|Any CPU.ActiveCfg = Release|Any CPU
		{6CA5EAA3-05B0-4435-9FF6-9955D40DC215}.Release|Any CPU.Build.0 = Release|Any CPU
		{106F2E38-10DE-46B7-A384-C8DC104440B2}.Debug|Any CPU.ActiveCfg = Debug|Any CPU
		{106F2E38-10DE-46B7-A384-C8DC104440B2}.Debug|Any CPU.Build.0 = Debug|Any CPU
		{106F2E38-10DE-46B7-A384-C8DC104440B2}.Release|Any CPU.ActiveCfg = Release|Any CPU
		{106F2E38-10DE-46B7-A384-C8DC104440B2}.Release|Any CPU.Build.0 = Release|Any CPU
	EndGlobalSection
EndGlobal
